<?xml version="1.0" encoding="UTF-8" standalone="yes" ?>
<CodeBlocks_project_file>
	<FileVersion major="1" minor="6" />
	<Project>
		<Option title="SFMLTetris" />
		<Option platforms="Windows;Unix;" />
		<Option pch_mode="2" />
		<Option compiler="gcc" />
		<Option virtualFolders="GUI Parts\;GUI Parts\Menu\;GUI Parts\Inputs\;GUI Parts\OpenGL\;Main\;Audio\;Non-Class\;Events\;Tetris Elements\;Scoring\;GUI Parts\Ressources\;" />
		<Build>
			<Target title="Debug_linux64">
				<Option platforms="Unix;" />
				<Option output="bin/Debug_l/SFMLTetris_linux64" prefix_auto="0" extension_auto="0" />
				<Option object_output="obj/Debug_l/" />
				<Option type="1" />
				<Option compiler="gcc" />
				<Compiler>
					<Add option="-Wextra" />
					<Add option="-Wall" />
					<Add option="-g" />
					<Add option="-std=c++11" />
					<Add directory="SFML-2.1-linux64/include" />
				</Compiler>
				<Linker>
					<Add option="-lGL" />
					<Add option="-lGLU" />
					<Add library="SFML-2.1-linux64\lib\libsfml-audio.so" />
					<Add library="SFML-2.1-linux64\lib\libsfml-graphics.so" />
					<Add library="SFML-2.1-linux64\lib\libsfml-window.so" />
					<Add library="SFML-2.1-linux64\lib\libsfml-system.so" />
					<Add library="SFML-2.1-linux64\lib\libsfml-network.so" />
					<Add directory="SFML-2.1-linux64/lib" />
				</Linker>
			</Target>
			<Target title="Release_linux64">
				<Option platforms="Unix;" />
				<Option output="SFMLTetris_linux64" prefix_auto="0" extension_auto="0" />
				<Option object_output="obj/Release_l/" />
				<Option type="0" />
				<Option compiler="gcc" />
				<Compiler>
					<Add option="-O3" />
					<Add option="-std=c++11" />
					<Add directory="SFML-2.1-linux64/include" />
				</Compiler>
				<Linker>
					<Add option="-s" />
					<Add option="-lGL" />
					<Add option="-lGLU" />
					<Add library="SFML-2.1-linux64\lib\libsfml-audio.so" />
					<Add library="SFML-2.1-linux64\lib\libsfml-graphics.so" />
					<Add library="SFML-2.1-linux64\lib\libsfml-window.so" />
					<Add library="SFML-2.1-linux64\lib\libsfml-system.so" />
					<Add library="SFML-2.1-linux64\lib\libsfml-network.so" />
					<Add directory="SFML-2.1-linux64/lib" />
				</Linker>
			</Target>
			<Target title="Debug_win32">
				<Option platforms="Windows;" />
				<Option output="bin/Debug_w/SFMLTetris_win32" prefix_auto="1" extension_auto="1" />
				<Option object_output="obj/Debug_w/" />
				<Option type="1" />
				<Option compiler="gcc" />
				<Compiler>
					<Add option="-std=c++11" />
					<Add option="-Wextra" />
					<Add option="-Wall" />
					<Add option="-g" />
					<Add option="-DSFML_STATIC" />
					<Add directory="./SFML-2.1/include" />
				</Compiler>
				<Linker>
					<Add option="-lglu32" />
					<Add library="sfml-audio-s-d" />
					<Add library="sfml-graphics-s-d" />
					<Add library="sfml-window-s-d" />
					<Add library="sfml-system-s-d" />
					<Add library="sfml-network-s-d" />
					<Add directory="./SFML-2.1/lib" />
				</Linker>
			</Target>
			<Target title="Release_win32">
				<Option platforms="Windows;" />
				<Option output="SFMLTetris_win32" prefix_auto="1" extension_auto="1" />
				<Option object_output="obj/Release_w/" />
				<Option type="0" />
				<Option compiler="gcc" />
				<Compiler>
					<Add option="-O3" />
					<Add option="-std=c++11" />
					<Add option="-DSFML_STATIC" />
					<Add directory="./SFML-2.1/include" />
				</Compiler>
				<Linker>
					<Add option="-s" />
					<Add library="sfml-audio-s" />
					<Add library="sfml-graphics-s" />
					<Add library="sfml-window-s" />
					<Add library="sfml-system-s" />
					<Add library="sfml-network-s" />
					<Add directory="./SFML-2.1/lib" />
				</Linker>
			</Target>
		</Build>
		<Unit filename="Application.cpp">
			<Option virtualFolder="Main/" />
		</Unit>
		<Unit filename="Application.hpp">
			<Option virtualFolder="Main/" />
		</Unit>
		<Unit filename="AudioConfiguration.cpp">
			<Option virtualFolder="Audio/" />
		</Unit>
		<Unit filename="AudioConfiguration.hpp">
			<Option virtualFolder="Audio/" />
		</Unit>
		<Unit filename="Background.cpp">
			<Option virtualFolder="GUI Parts/" />
		</Unit>
		<Unit filename="Background.hpp">
			<Option virtualFolder="GUI Parts/" />
		</Unit>
		<Unit filename="Bouton.cpp">
			<Option virtualFolder="GUI Parts/Inputs/" />
		</Unit>
		<Unit filename="Bouton.hpp">
			<Option virtualFolder="GUI Parts/Inputs/" />
		</Unit>
		<Unit filename="Collision.cpp">
			<Option virtualFolder="Non-Class/" />
		</Unit>
		<Unit filename="Collision.hpp">
			<Option virtualFolder="Non-Class/" />
		</Unit>
		<Unit filename="Evenement.cpp">
			<Option virtualFolder="Events/" />
		</Unit>
		<Unit filename="Evenement.hpp">
			<Option virtualFolder="Events/" />
		</Unit>
		<Unit filename="ExplosionManager.cpp">
			<Option virtualFolder="Tetris Elements/" />
		</Unit>
		<Unit filename="ExplosionManager.hpp">
			<Option virtualFolder="Tetris Elements/" />
		</Unit>
		<Unit filename="Game.cpp">
			<Option virtualFolder="GUI Parts/" />
		</Unit>
		<Unit filename="Game.hpp">
			<Option virtualFolder="GUI Parts/" />
		</Unit>
		<Unit filename="GameConfiguration.cpp">
			<Option virtualFolder="Tetris Elements/" />
		</Unit>
		<Unit filename="GameConfiguration.hpp">
			<Option virtualFolder="Tetris Elements/" />
		</Unit>
		<Unit filename="InputCheck.cpp">
			<Option virtualFolder="GUI Parts/Inputs/" />
		</Unit>
		<Unit filename="InputCheck.hpp">
			<Option virtualFolder="GUI Parts/Inputs/" />
		</Unit>
		<Unit filename="InputKey.cpp">
			<Option virtualFolder="GUI Parts/Inputs/" />
		</Unit>
		<Unit filename="InputKey.hpp">
			<Option virtualFolder="GUI Parts/Inputs/" />
		</Unit>
		<Unit filename="InputRange.cpp">
			<Option virtualFolder="GUI Parts/Inputs/" />
		</Unit>
		<Unit filename="InputRange.hpp">
			<Option virtualFolder="GUI Parts/Inputs/" />
		</Unit>
		<Unit filename="InputText.cpp">
			<Option virtualFolder="GUI Parts/Inputs/" />
		</Unit>
		<Unit filename="InputText.hpp">
			<Option virtualFolder="GUI Parts/Inputs/" />
		</Unit>
		<Unit filename="Menu.cpp">
			<Option virtualFolder="GUI Parts/Menu/" />
		</Unit>
		<Unit filename="Menu.hpp">
			<Option virtualFolder="GUI Parts/Menu/" />
		</Unit>
		<Unit filename="MenuIndex.cpp">
			<Option virtualFolder="GUI Parts/Menu/" />
		</Unit>
		<Unit filename="MenuIndex.hpp">
			<Option virtualFolder="GUI Parts/Menu/" />
		</Unit>
		<Unit filename="MenuSettings.cpp">
			<Option virtualFolder="GUI Parts/Menu/" />
		</Unit>
		<Unit filename="MenuSettings.hpp">
			<Option virtualFolder="GUI Parts/Menu/" />
		</Unit>
		<Unit filename="MenuSettingsAudio.cpp">
			<Option virtualFolder="GUI Parts/Menu/" />
		</Unit>
		<Unit filename="MenuSettingsAudio.hpp">
			<Option virtualFolder="GUI Parts/Menu/" />
		</Unit>
		<Unit filename="MenuSettingsGame.cpp">
			<Option virtualFolder="GUI Parts/Menu/" />
		</Unit>
		<Unit filename="MenuSettingsGame.hpp">
			<Option virtualFolder="GUI Parts/Menu/" />
		</Unit>
		<Unit filename="MenuSettingsTouches.cpp">
			<Option virtualFolder="GUI Parts/Menu/" />
		</Unit>
		<Unit filename="MenuSettingsTouches.hpp">
			<Option virtualFolder="GUI Parts/Menu/" />
		</Unit>
		<Unit filename="NextTetrominoBoard.cpp">
			<Option virtualFolder="Tetris Elements/" />
		</Unit>
		<Unit filename="NextTetrominoBoard.hpp">
			<Option virtualFolder="Tetris Elements/" />
		</Unit>
		<Unit filename="OpenGL_Manager.cpp">
			<Option virtualFolder="GUI Parts/OpenGL/" />
		</Unit>
		<Unit filename="OpenGL_Manager.hpp">
			<Option virtualFolder="GUI Parts/OpenGL/" />
		</Unit>
		<Unit filename="Ressources.cpp">
			<Option virtualFolder="GUI Parts/Ressources/" />
		</Unit>
		<Unit filename="Ressources.hpp">
			<Option virtualFolder="GUI Parts/Ressources/" />
		</Unit>
		<Unit filename="ScoreWebSender.cpp">
			<Option virtualFolder="Scoring/" />
		</Unit>
		<Unit filename="ScoreWebSender.hpp">
			<Option virtualFolder="Scoring/" />
		</Unit>
		<Unit filename="Scores.cpp">
			<Option virtualFolder="Scoring/" />
		</Unit>
		<Unit filename="Scores.hpp">
			<Option virtualFolder="Scoring/" />
		</Unit>
		<Unit filename="ScreenElement.cpp">
			<Option virtualFolder="GUI Parts/" />
		</Unit>
		<Unit filename="ScreenElement.hpp">
			<Option virtualFolder="GUI Parts/" />
		</Unit>
		<Unit filename="ScreenScore.cpp">
			<Option virtualFolder="GUI Parts/" />
		</Unit>
		<Unit filename="ScreenScore.hpp">
			<Option virtualFolder="GUI Parts/" />
		</Unit>
		<Unit filename="TetrisBoard.cpp">
			<Option virtualFolder="Tetris Elements/" />
		</Unit>
		<Unit filename="TetrisBoard.hpp">
			<Option virtualFolder="Tetris Elements/" />
		</Unit>
		<Unit filename="Tetromino.cpp">
			<Option virtualFolder="Tetris Elements/" />
		</Unit>
		<Unit filename="Tetromino.hpp">
			<Option virtualFolder="Tetris Elements/" />
		</Unit>
		<Unit filename="TetrominoRandomizer.cpp">
			<Option virtualFolder="Tetris Elements/" />
		</Unit>
		<Unit filename="TetrominoRandomizer.hpp">
			<Option virtualFolder="Tetris Elements/" />
		</Unit>
		<Unit filename="fileManager.cpp">
			<Option virtualFolder="Non-Class/" />
		</Unit>
		<Unit filename="fileManager.hpp">
			<Option virtualFolder="Non-Class/" />
		</Unit>
		<Unit filename="fn_base64.cpp">
			<Option virtualFolder="Non-Class/" />
		</Unit>
		<Unit filename="fn_base64.hpp">
			<Option virtualFolder="Non-Class/" />
		</Unit>
		<Unit filename="fn_random.cpp">
			<Option virtualFolder="Non-Class/" />
		</Unit>
		<Unit filename="fn_random.hpp">
			<Option virtualFolder="Non-Class/" />
		</Unit>
		<Unit filename="fn_string.cpp">
			<Option virtualFolder="Non-Class/" />
		</Unit>
		<Unit filename="fn_string.hpp">
			<Option virtualFolder="Non-Class/" />
		</Unit>
		<Unit filename="fn_time.cpp">
			<Option virtualFolder="Non-Class/" />
		</Unit>
		<Unit filename="fn_time.hpp">
			<Option virtualFolder="Non-Class/" />
		</Unit>
		<Unit filename="headers.hpp">
			<Option virtualFolder="Main/" />
		</Unit>
		<Unit filename="main.cpp">
			<Option virtualFolder="Main/" />
		</Unit>
		<Extensions>
			<code_completion />
			<debugger />
			<envvars />
		</Extensions>
	</Project>
</CodeBlocks_project_file>
